
Microsoft Visual Studio Solution File, Format Version 12.00
# Visual Studio Version 17
VisualStudioVersion = 17.11.35312.102
MinimumVisualStudioVersion = 10.0.40219.1
Project("{FAE04EC0-301F-11D3-BF4B-00C04F79EFBC}") = "Async", "Async\Async.csproj", "{066F3FBA-84E0-4704-811A-9168BED6B83D}"
EndProject
Global
	GlobalSection(SolutionConfigurationPlatforms) = preSolution
		Debug|Any CPU = Debug|Any CPU
		Release|Any CPU = Release|Any CPU
	EndGlobalSection
	GlobalSection(ProjectConfigurationPlatforms) = postSolution
		{066F3FBA-84E0-4704-811A-9168BED6B83D}.Debug|Any CPU.ActiveCfg = Debug|Any CPU
		{066F3FBA-84E0-4704-811A-9168BED6B83D}.Debug|Any CPU.Build.0 = Debug|Any CPU
		{066F3FBA-84E0-4704-811A-9168BED6B83D}.Release|Any CPU.ActiveCfg = Release|Any CPU
		{066F3FBA-84E0-4704-811A-9168BED6B83D}.Release|Any CPU.Build.0 = Release|Any CPU
	EndGlobalSection
	GlobalSection(SolutionProperties) = preSolution
		HideSolutionNode = FALSE
	EndGlobalSection
	GlobalSection(ExtensibilityGlobals) = postSolution
		SolutionGuid = {4016A211-AC31-4100-A7A0-9ED61389F8C5}
	EndGlobalSection
EndGlobal
