
Microsoft Visual Studio Solution File, Format Version 12.00
# Visual Studio Version 17
VisualStudioVersion = 17.7.34031.279
MinimumVisualStudioVersion = 10.0.40219.1
Project("{FAE04EC0-301F-11D3-BF4B-00C04F79EFBC}") = "Arrays", "Arrays.csproj", "{7D051631-9E77-4882-9009-CBA16D77AFA1}"
EndProject
Global
	GlobalSection(SolutionConfigurationPlatforms) = preSolution
		Debug|Any CPU = Debug|Any CPU
		Release|Any CPU = Release|Any CPU
	EndGlobalSection
	GlobalSection(ProjectConfigurationPlatforms) = postSolution
		{7D051631-9E77-4882-9009-CBA16D77AFA1}.Debug|Any CPU.ActiveCfg = Debug|Any CPU
		{7D051631-9E77-4882-9009-CBA16D77AFA1}.Debug|Any CPU.Build.0 = Debug|Any CPU
		{7D051631-9E77-4882-9009-CBA16D77AFA1}.Release|Any CPU.ActiveCfg = Release|Any CPU
		{7D051631-9E77-4882-9009-CBA16D77AFA1}.Release|Any CPU.Build.0 = Release|Any CPU
	EndGlobalSection
	GlobalSection(SolutionProperties) = preSolution
		HideSolutionNode = FALSE
	EndGlobalSection
	GlobalSection(ExtensibilityGlobals) = postSolution
		SolutionGuid = {AC8E37A5-64C4-4D44-BFBE-560EB3539631}
	EndGlobalSection
EndGlobal
